
Microsoft Visual Studio Solution File, Format Version 12.00
# Visual Studio Version 16
VisualStudioVersion = 16.0.29326.143
MinimumVisualStudioVersion = 10.0.40219.1
Project("{FAE04EC0-301F-11D3-BF4B-00C04F79EFBC}") = "MyPhotosWebApp", "MyPhotosWebApp\MyPhotosWebApp.csproj", "{3EC71398-6652-4C42-BCA2-E6155302B5CB}"
EndProject
Global
	GlobalSection(SolutionConfigurationPlatforms) = preSolution
		Debug|Any CPU = Debug|Any CPU
		Release|Any CPU = Release|Any CPU
	EndGlobalSection
	GlobalSection(ProjectConfigurationPlatforms) = postSolution
		{3EC71398-6652-4C42-BCA2-E6155302B5CB}.Debug|Any CPU.ActiveCfg = Debug|Any CPU
		{3EC71398-6652-4C42-BCA2-E6155302B5CB}.Debug|Any CPU.Build.0 = Debug|Any CPU
		{3EC71398-6652-4C42-BCA2-E6155302B5CB}.Release|Any CPU.ActiveCfg = Release|Any CPU
		{3EC71398-6652-4C42-BCA2-E6155302B5CB}.Release|Any CPU.Build.0 = Release|Any CPU
	EndGlobalSection
	GlobalSection(SolutionProperties) = preSolution
		HideSolutionNode = FALSE
	EndGlobalSection
	GlobalSection(ExtensibilityGlobals) = postSolution
		SolutionGuid = {B378E31E-7BB9-4990-9BB3-1B6E0EDB32F6}
	EndGlobalSection
EndGlobal
