
Microsoft Visual Studio Solution File, Format Version 12.00
# Visual Studio Version 16
VisualStudioVersion = 16.0.29326.143
MinimumVisualStudioVersion = 10.0.40219.1
Project("{FAE04EC0-301F-11D3-BF4B-00C04F79EFBC}") = "Laborator2", "Laborator2\Laborator2.csproj", "{9A12AABE-BEC6-4FCB-96BB-138A5717D4F8}"
EndProject
Project("{9A19103F-16F7-4668-BE54-9A1E7A4F7556}") = "Laborator1", "Laborator1\Laborator1.csproj", "{BC51C77F-0EBD-485B-8BEB-EFB387989072}"
EndProject
Project("{FAE04EC0-301F-11D3-BF4B-00C04F79EFBC}") = "Laborator3", "Laborator3\Laborator3.csproj", "{CC6CA6BF-D589-4F92-8DB0-D9C87662E94F}"
EndProject
Project("{FAE04EC0-301F-11D3-BF4B-00C04F79EFBC}") = "Laborator5", "Laborator5\Laborator5.csproj", "{EF5DF5C8-5341-4DDD-9769-0D51E58FE279}"
EndProject
Project("{9A19103F-16F7-4668-BE54-9A1E7A4F7556}") = "Laborator4", "Laborator4\Laborator4.csproj", "{3C517E7B-C7AD-433B-AA25-1E476989FBE7}"
EndProject
Project("{FAE04EC0-301F-11D3-BF4B-00C04F79EFBC}") = "Laborator6-PostComment", "Laborator6-PostComment\Laborator6-PostComment.csproj", "{E2E053B2-B2BA-4521-AF26-735ADC45350F}"
EndProject
Project("{FAE04EC0-301F-11D3-BF4B-00C04F79EFBC}") = "Laborator6-ObjectWCF", "Laborator6-ObjectWCF\Laborator6-ObjectWCF.csproj", "{DA846E4E-C76C-4F18-858B-09EF3A94DC66}"
EndProject
Project("{FAE04EC0-301F-11D3-BF4B-00C04F79EFBC}") = "Laborator6-HostWCF", "Laborator6-HostWCF\Laborator6-HostWCF.csproj", "{94EAB5B9-A411-448D-B28C-7D1B10B65B8D}"
EndProject
Project("{FAE04EC0-301F-11D3-BF4B-00C04F79EFBC}") = "Laborator6-Client", "Laborator6-Client\Laborator6-Client.csproj", "{363FA3AF-70E6-4F2F-BFE6-EC10E97FF79E}"
EndProject
Project("{FAE04EC0-301F-11D3-BF4B-00C04F79EFBC}") = "Laborator7-GrpcGreeter", "Laborator7-GrpcGreeter\Laborator7-GrpcGreeter.csproj", "{F8EA237F-C90F-408C-96ED-F992BC898ABD}"
EndProject
Project("{FAE04EC0-301F-11D3-BF4B-00C04F79EFBC}") = "Laborator7-GrpcGreeterClient", "Laborator7-GrpcGreeterClient\Laborator7-GrpcGreeterClient.csproj", "{C4807D33-FAB4-44EB-AF8D-069D1137AC91}"
EndProject
Global
	GlobalSection(SolutionConfigurationPlatforms) = preSolution
		Debug|Any CPU = Debug|Any CPU
		Release|Any CPU = Release|Any CPU
	EndGlobalSection
	GlobalSection(ProjectConfigurationPlatforms) = postSolution
		{9A12AABE-BEC6-4FCB-96BB-138A5717D4F8}.Debug|Any CPU.ActiveCfg = Debug|Any CPU
		{9A12AABE-BEC6-4FCB-96BB-138A5717D4F8}.Debug|Any CPU.Build.0 = Debug|Any CPU
		{9A12AABE-BEC6-4FCB-96BB-138A5717D4F8}.Release|Any CPU.ActiveCfg = Release|Any CPU
		{9A12AABE-BEC6-4FCB-96BB-138A5717D4F8}.Release|Any CPU.Build.0 = Release|Any CPU
		{BC51C77F-0EBD-485B-8BEB-EFB387989072}.Debug|Any CPU.ActiveCfg = Debug|Any CPU
		{BC51C77F-0EBD-485B-8BEB-EFB387989072}.Debug|Any CPU.Build.0 = Debug|Any CPU
		{BC51C77F-0EBD-485B-8BEB-EFB387989072}.Release|Any CPU.ActiveCfg = Release|Any CPU
		{BC51C77F-0EBD-485B-8BEB-EFB387989072}.Release|Any CPU.Build.0 = Release|Any CPU
		{CC6CA6BF-D589-4F92-8DB0-D9C87662E94F}.Debug|Any CPU.ActiveCfg = Debug|Any CPU
		{CC6CA6BF-D589-4F92-8DB0-D9C87662E94F}.Debug|Any CPU.Build.0 = Debug|Any CPU
		{CC6CA6BF-D589-4F92-8DB0-D9C87662E94F}.Release|Any CPU.ActiveCfg = Release|Any CPU
		{CC6CA6BF-D589-4F92-8DB0-D9C87662E94F}.Release|Any CPU.Build.0 = Release|Any CPU
		{EF5DF5C8-5341-4DDD-9769-0D51E58FE279}.Debug|Any CPU.ActiveCfg = Debug|Any CPU
		{EF5DF5C8-5341-4DDD-9769-0D51E58FE279}.Debug|Any CPU.Build.0 = Debug|Any CPU
		{EF5DF5C8-5341-4DDD-9769-0D51E58FE279}.Release|Any CPU.ActiveCfg = Release|Any CPU
		{EF5DF5C8-5341-4DDD-9769-0D51E58FE279}.Release|Any CPU.Build.0 = Release|Any CPU
		{3C517E7B-C7AD-433B-AA25-1E476989FBE7}.Debug|Any CPU.ActiveCfg = Debug|Any CPU
		{3C517E7B-C7AD-433B-AA25-1E476989FBE7}.Debug|Any CPU.Build.0 = Debug|Any CPU
		{3C517E7B-C7AD-433B-AA25-1E476989FBE7}.Release|Any CPU.ActiveCfg = Release|Any CPU
		{3C517E7B-C7AD-433B-AA25-1E476989FBE7}.Release|Any CPU.Build.0 = Release|Any CPU
		{E2E053B2-B2BA-4521-AF26-735ADC45350F}.Debug|Any CPU.ActiveCfg = Debug|Any CPU
		{E2E053B2-B2BA-4521-AF26-735ADC45350F}.Debug|Any CPU.Build.0 = Debug|Any CPU
		{E2E053B2-B2BA-4521-AF26-735ADC45350F}.Release|Any CPU.ActiveCfg = Release|Any CPU
		{E2E053B2-B2BA-4521-AF26-735ADC45350F}.Release|Any CPU.Build.0 = Release|Any CPU
		{DA846E4E-C76C-4F18-858B-09EF3A94DC66}.Debug|Any CPU.ActiveCfg = Debug|Any CPU
		{DA846E4E-C76C-4F18-858B-09EF3A94DC66}.Debug|Any CPU.Build.0 = Debug|Any CPU
		{DA846E4E-C76C-4F18-858B-09EF3A94DC66}.Release|Any CPU.ActiveCfg = Release|Any CPU
		{DA846E4E-C76C-4F18-858B-09EF3A94DC66}.Release|Any CPU.Build.0 = Release|Any CPU
		{94EAB5B9-A411-448D-B28C-7D1B10B65B8D}.Debug|Any CPU.ActiveCfg = Debug|Any CPU
		{94EAB5B9-A411-448D-B28C-7D1B10B65B8D}.Debug|Any CPU.Build.0 = Debug|Any CPU
		{94EAB5B9-A411-448D-B28C-7D1B10B65B8D}.Release|Any CPU.ActiveCfg = Release|Any CPU
		{94EAB5B9-A411-448D-B28C-7D1B10B65B8D}.Release|Any CPU.Build.0 = Release|Any CPU
		{363FA3AF-70E6-4F2F-BFE6-EC10E97FF79E}.Debug|Any CPU.ActiveCfg = Debug|Any CPU
		{363FA3AF-70E6-4F2F-BFE6-EC10E97FF79E}.Debug|Any CPU.Build.0 = Debug|Any CPU
		{363FA3AF-70E6-4F2F-BFE6-EC10E97FF79E}.Release|Any CPU.ActiveCfg = Release|Any CPU
		{363FA3AF-70E6-4F2F-BFE6-EC10E97FF79E}.Release|Any CPU.Build.0 = Release|Any CPU
		{F8EA237F-C90F-408C-96ED-F992BC898ABD}.Debug|Any CPU.ActiveCfg = Debug|Any CPU
		{F8EA237F-C90F-408C-96ED-F992BC898ABD}.Debug|Any CPU.Build.0 = Debug|Any CPU
		{F8EA237F-C90F-408C-96ED-F992BC898ABD}.Release|Any CPU.ActiveCfg = Release|Any CPU
		{F8EA237F-C90F-408C-96ED-F992BC898ABD}.Release|Any CPU.Build.0 = Release|Any CPU
		{C4807D33-FAB4-44EB-AF8D-069D1137AC91}.Debug|Any CPU.ActiveCfg = Debug|Any CPU
		{C4807D33-FAB4-44EB-AF8D-069D1137AC91}.Debug|Any CPU.Build.0 = Debug|Any CPU
		{C4807D33-FAB4-44EB-AF8D-069D1137AC91}.Release|Any CPU.ActiveCfg = Release|Any CPU
		{C4807D33-FAB4-44EB-AF8D-069D1137AC91}.Release|Any CPU.Build.0 = Release|Any CPU
	EndGlobalSection
	GlobalSection(SolutionProperties) = preSolution
		HideSolutionNode = FALSE
	EndGlobalSection
	GlobalSection(ExtensibilityGlobals) = postSolution
		SolutionGuid = {5C834856-E3C1-4C60-A7EF-D43AED725101}
	EndGlobalSection
EndGlobal
